
Microsoft Visual Studio Solution File, Format Version 12.00
# Visual Studio 2013
VisualStudioVersion = 12.0.30501.0
MinimumVisualStudioVersion = 10.0.40219.1
Project("{FAE04EC0-301F-11D3-BF4B-00C04F79EFBC}") = "DotaHostManager", "DotaHostManager\DotaHostManager.csproj", "{54085FE0-EA27-401B-A07A-50B6EB48B499}"
EndProject
Project("{FAE04EC0-301F-11D3-BF4B-00C04F79EFBC}") = "DotaHostManagerUpdater", "DotaHostManagerUpdater\DotaHostManagerUpdater.csproj", "{0F270891-5BDC-4D07-BFCF-13F4A808C70B}"
EndProject
Project("{FAE04EC0-301F-11D3-BF4B-00C04F79EFBC}") = "DotaHostBoxManager", "DotaHostBoxManager\DotaHostBoxManager.csproj", "{A081EADD-F793-4729-AAC9-F755ED5A0F80}"
EndProject
Project("{FAE04EC0-301F-11D3-BF4B-00C04F79EFBC}") = "DotaHostLibrary", "DotaHostLibrary\DotaHostLibrary.csproj", "{F61404E4-F077-4126-872D-6149647698AB}"
EndProject
Project("{FAE04EC0-301F-11D3-BF4B-00C04F79EFBC}") = "DotaHostServerManager", "DotaHostServerManager\DotaHostServerManager.csproj", "{6EA891E4-2F57-4521-BF83-418B3026B755}"
EndProject
Global
	GlobalSection(SolutionConfigurationPlatforms) = preSolution
		Debug|Any CPU = Debug|Any CPU
		Release|Any CPU = Release|Any CPU
	EndGlobalSection
	GlobalSection(ProjectConfigurationPlatforms) = postSolution
		{54085FE0-EA27-401B-A07A-50B6EB48B499}.Debug|Any CPU.ActiveCfg = Debug|Any CPU
		{54085FE0-EA27-401B-A07A-50B6EB48B499}.Debug|Any CPU.Build.0 = Debug|Any CPU
		{54085FE0-EA27-401B-A07A-50B6EB48B499}.Release|Any CPU.ActiveCfg = Release|Any CPU
		{54085FE0-EA27-401B-A07A-50B6EB48B499}.Release|Any CPU.Build.0 = Release|Any CPU
		{0F270891-5BDC-4D07-BFCF-13F4A808C70B}.Debug|Any CPU.ActiveCfg = Debug|Any CPU
		{0F270891-5BDC-4D07-BFCF-13F4A808C70B}.Debug|Any CPU.Build.0 = Debug|Any CPU
		{0F270891-5BDC-4D07-BFCF-13F4A808C70B}.Release|Any CPU.ActiveCfg = Release|Any CPU
		{0F270891-5BDC-4D07-BFCF-13F4A808C70B}.Release|Any CPU.Build.0 = Release|Any CPU
		{A081EADD-F793-4729-AAC9-F755ED5A0F80}.Debug|Any CPU.ActiveCfg = Debug|Any CPU
		{A081EADD-F793-4729-AAC9-F755ED5A0F80}.Debug|Any CPU.Build.0 = Debug|Any CPU
		{A081EADD-F793-4729-AAC9-F755ED5A0F80}.Release|Any CPU.ActiveCfg = Release|Any CPU
		{A081EADD-F793-4729-AAC9-F755ED5A0F80}.Release|Any CPU.Build.0 = Release|Any CPU
		{F61404E4-F077-4126-872D-6149647698AB}.Debug|Any CPU.ActiveCfg = Debug|Any CPU
		{F61404E4-F077-4126-872D-6149647698AB}.Debug|Any CPU.Build.0 = Debug|Any CPU
		{F61404E4-F077-4126-872D-6149647698AB}.Release|Any CPU.ActiveCfg = Release|Any CPU
		{F61404E4-F077-4126-872D-6149647698AB}.Release|Any CPU.Build.0 = Release|Any CPU
		{6EA891E4-2F57-4521-BF83-418B3026B755}.Debug|Any CPU.ActiveCfg = Debug|Any CPU
		{6EA891E4-2F57-4521-BF83-418B3026B755}.Debug|Any CPU.Build.0 = Debug|Any CPU
		{6EA891E4-2F57-4521-BF83-418B3026B755}.Release|Any CPU.ActiveCfg = Release|Any CPU
		{6EA891E4-2F57-4521-BF83-418B3026B755}.Release|Any CPU.Build.0 = Release|Any CPU
	EndGlobalSection
	GlobalSection(SolutionProperties) = preSolution
		HideSolutionNode = FALSE
	EndGlobalSection
EndGlobal
